
Microsoft Visual Studio Solution File, Format Version 12.00
# Visual Studio Version 17
VisualStudioVersion = 17.5.2.0
MinimumVisualStudioVersion = 10.0.40219.1
Project("{2150E333-8FDC-42A3-9474-1A3956D46DE8}") = "objetos", "objetos", "{29855816-73F8-473E-D83A-01D72F5CC3F1}"
EndProject
Project("{2150E333-8FDC-42A3-9474-1A3956D46DE8}") = "practicas_teoria", "practicas_teoria", "{FF2098A9-8DF7-86AE-A6BA-8C70B792F9BB}"
EndProject
Project("{FAE04EC0-301F-11D3-BF4B-00C04F79EFBC}") = "Ejercicios_Diseño", "objetos\practicas_teoria\Ejercicios_Diseño\Ejercicios_Diseño.csproj", "{EB9B87F6-DBB4-86E0-2561-74DAF6DBA643}"
EndProject
Global
	GlobalSection(SolutionConfigurationPlatforms) = preSolution
		Debug|Any CPU = Debug|Any CPU
		Release|Any CPU = Release|Any CPU
	EndGlobalSection
	GlobalSection(ProjectConfigurationPlatforms) = postSolution
		{EB9B87F6-DBB4-86E0-2561-74DAF6DBA643}.Debug|Any CPU.ActiveCfg = Debug|Any CPU
		{EB9B87F6-DBB4-86E0-2561-74DAF6DBA643}.Debug|Any CPU.Build.0 = Debug|Any CPU
		{EB9B87F6-DBB4-86E0-2561-74DAF6DBA643}.Release|Any CPU.ActiveCfg = Release|Any CPU
		{EB9B87F6-DBB4-86E0-2561-74DAF6DBA643}.Release|Any CPU.Build.0 = Release|Any CPU
	EndGlobalSection
	GlobalSection(SolutionProperties) = preSolution
		HideSolutionNode = FALSE
	EndGlobalSection
	GlobalSection(NestedProjects) = preSolution
		{FF2098A9-8DF7-86AE-A6BA-8C70B792F9BB} = {29855816-73F8-473E-D83A-01D72F5CC3F1}
		{EB9B87F6-DBB4-86E0-2561-74DAF6DBA643} = {FF2098A9-8DF7-86AE-A6BA-8C70B792F9BB}
	EndGlobalSection
	GlobalSection(ExtensibilityGlobals) = postSolution
		SolutionGuid = {A483097C-C97D-42FD-8567-588FFF401901}
	EndGlobalSection
EndGlobal
